// !$*UTF8*$!
{
	archiveVersion = 1;
	classes = {
	};
	objectVersion = 56;
	objects = {

/* Begin PBXBuildFile section */
		718F378528E4B6DF007745CD /* AppDelegate.swift in Sources */ = {isa = PBXBuildFile; fileRef = 718F378428E4B6DF007745CD /* AppDelegate.swift */; };
		718F378728E4B6DF007745CD /* SceneDelegate.swift in Sources */ = {isa = PBXBuildFile; fileRef = 718F378628E4B6DF007745CD /* SceneDelegate.swift */; };
		718F378928E4B6DF007745CD /* ViewController.swift in Sources */ = {isa = PBXBuildFile; fileRef = 718F378828E4B6DF007745CD /* ViewController.swift */; };
		718F378E28E4B6E1007745CD /* Assets.xcassets in Resources */ = {isa = PBXBuildFile; fileRef = 718F378D28E4B6E1007745CD /* Assets.xcassets */; };
		718F379128E4B6E1007745CD /* LaunchScreen.storyboard in Resources */ = {isa = PBXBuildFile; fileRef = 718F378F28E4B6E1007745CD /* LaunchScreen.storyboard */; };
		718F379C28E4B98C007745CD /* SorteioScreen.swift in Sources */ = {isa = PBXBuildFile; fileRef = 718F379B28E4B98C007745CD /* SorteioScreen.swift */; };
/* End PBXBuildFile section */

/* Begin PBXFileReference section */
		718F378128E4B6DF007745CD /* App2Viewcode.app */ = {isa = PBXFileReference; explicitFileType = wrapper.application; includeInIndex = 0; path = App2Viewcode.app; sourceTree = BUILT_PRODUCTS_DIR; };
		718F378428E4B6DF007745CD /* AppDelegate.swift */ = {isa = PBXFileReference; lastKnownFileType = sourcecode.swift; path = AppDelegate.swift; sourceTree = "<group>"; };
		718F378628E4B6DF007745CD /* SceneDelegate.swift */ = {isa = PBXFileReference; lastKnownFileType = sourcecode.swift; path = SceneDelegate.swift; sourceTree = "<group>"; };
		718F378828E4B6DF007745CD /* ViewController.swift */ = {isa = PBXFileReference; lastKnownFileType = sourcecode.swift; path = ViewController.swift; sourceTree = "<group>"; };
		718F378D28E4B6E1007745CD /* Assets.xcassets */ = {isa = PBXFileReference; lastKnownFileType = folder.assetcatalog; path = Assets.xcassets; sourceTree = "<group>"; };
		718F379028E4B6E1007745CD /* Base */ = {isa = PBXFileReference; lastKnownFileType = file.storyboard; name = Base; path = Base.lproj/LaunchScreen.storyboard; sourceTree = "<group>"; };
		718F379228E4B6E1007745CD /* Info.plist */ = {isa = PBXFileReference; lastKnownFileType = text.plist.xml; path = Info.plist; sourceTree = "<group>"; };
		718F379B28E4B98C007745CD /* SorteioScreen.swift */ = {isa = PBXFileReference; lastKnownFileType = sourcecode.swift; path = SorteioScreen.swift; sourceTree = "<group>"; };
/* End PBXFileReference section */

/* Begin PBXFrameworksBuildPhase section */
		718F377E28E4B6DF007745CD /* Frameworks */ = {
			isa = PBXFrameworksBuildPhase;
			buildActionMask = 2147483647;
			files = (
			);
			runOnlyForDeploymentPostprocessing = 0;
		};
/* End PBXFrameworksBuildPhase section */

/* Begin PBXGroup section */
		718F377828E4B6DF007745CD = {
			isa = PBXGroup;
			children = (
				718F378328E4B6DF007745CD /* App2Viewcode */,
				718F378228E4B6DF007745CD /* Products */,
			);
			sourceTree = "<group>";
		};
		718F378228E4B6DF007745CD /* Products */ = {
			isa = PBXGroup;
			children = (
				718F378128E4B6DF007745CD /* App2Viewcode.app */,
			);
			name = Products;
			sourceTree = "<group>";
		};
		718F378328E4B6DF007745CD /* App2Viewcode */ = {
			isa = PBXGroup;
			children = (
				718F379A28E4B96C007745CD /* NumeroDaSorte */,
				718F378428E4B6DF007745CD /* AppDelegate.swift */,
				718F378D28E4B6E1007745CD /* Assets.xcassets */,
				718F378F28E4B6E1007745CD /* LaunchScreen.storyboard */,
				718F379228E4B6E1007745CD /* Info.plist */,
			);
			path = App2Viewcode;
			sourceTree = "<group>";
		};
		718F379828E4B742007745CD /* Screen */ = {
			isa = PBXGroup;
			children = (
				718F378628E4B6DF007745CD /* SceneDelegate.swift */,
				718F379B28E4B98C007745CD /* SorteioScreen.swift */,
			);
			path = Screen;
			sourceTree = "<group>";
		};
		718F379928E4B74F007745CD /* ViewController */ = {
			isa = PBXGroup;
			children = (
				718F378828E4B6DF007745CD /* ViewController.swift */,
			);
			path = ViewController;
			sourceTree = "<group>";
		};
		718F379A28E4B96C007745CD /* NumeroDaSorte */ = {
			isa = PBXGroup;
			children = (
				718F379828E4B742007745CD /* Screen */,
				718F379928E4B74F007745CD /* ViewController */,
			);
			path = NumeroDaSorte;
			sourceTree = "<group>";
		};
/* End PBXGroup section */

/* Begin PBXNativeTarget section */
		718F378028E4B6DF007745CD /* App2Viewcode */ = {
			isa = PBXNativeTarget;
			buildConfigurationList = 718F379528E4B6E1007745CD /* Build configuration list for PBXNativeTarget "App2Viewcode" */;
			buildPhases = (
				718F377D28E4B6DF007745CD /* Sources */,
				718F377E28E4B6DF007745CD /* Frameworks */,
				718F377F28E4B6DF007745CD /* Resources */,
			);
			buildRules = (
			);
			dependencies = (
			);
			name = App2Viewcode;
			productName = App2Viewcode;
			productReference = 718F378128E4B6DF007745CD /* App2Viewcode.app */;
			productType = "com.apple.product-type.application";
		};
/* End PBXNativeTarget section */

/* Begin PBXProject section */
		718F377928E4B6DF007745CD /* Project object */ = {
			isa = PBXProject;
			attributes = {
				BuildIndependentTargetsInParallel = 1;
				LastSwiftUpdateCheck = 1400;
				LastUpgradeCheck = 1400;
				TargetAttributes = {
					718F378028E4B6DF007745CD = {
						CreatedOnToolsVersion = 14.0.1;
					};
				};
			};
			buildConfigurationList = 718F377C28E4B6DF007745CD /* Build configuration list for PBXProject "App2Viewcode" */;
			compatibilityVersion = "Xcode 14.0";
			developmentRegion = en;
			hasScannedForEncodings = 0;
			knownRegions = (
				en,
				Base,
			);
			mainGroup = 718F377828E4B6DF007745CD;
			productRefGroup = 718F378228E4B6DF007745CD /* Products */;
			projectDirPath = "";
			projectRoot = "";
			targets = (
				718F378028E4B6DF007745CD /* App2Viewcode */,
			);
		};
/* End PBXProject section */

/* Begin PBXResourcesBuildPhase section */
		718F377F28E4B6DF007745CD /* Resources */ = {
			isa = PBXResourcesBuildPhase;
			buildActionMask = 2147483647;
			files = (
				718F379128E4B6E1007745CD /* LaunchScreen.storyboard in Resources */,
				718F378E28E4B6E1007745CD /* Assets.xcassets in Resources */,
			);
			runOnlyForDeploymentPostprocessing = 0;
		};
/* End PBXResourcesBuildPhase section */

/* Begin PBXSourcesBuildPhase section */
		718F377D28E4B6DF007745CD /* Sources */ = {
			isa = PBXSourcesBuildPhase;
			buildActionMask = 2147483647;
			files = (
				718F378928E4B6DF007745CD /* ViewController.swift in Sources */,
				718F379C28E4B98C007745CD /* SorteioScreen.swift in Sources */,
				718F378528E4B6DF007745CD /* AppDelegate.swift in Sources */,
				718F378728E4B6DF007745CD /* SceneDelegate.swift in Sources */,
			);
			runOnlyForDeploymentPostprocessing = 0;
		};
/* End PBXSourcesBuildPhase section */

/* Begin PBXVariantGroup section */
		718F378F28E4B6E1007745CD /* LaunchScreen.storyboard */ = {
			isa = PBXVariantGroup;
			children = (
				718F379028E4B6E1007745CD /* Base */,
			);
			name = LaunchScreen.storyboard;
			sourceTree = "<group>";
		};
/* End PBXVariantGroup section */

/* Begin XCBuildConfiguration section */
		718F379328E4B6E1007745CD /* Debug */ = {
			isa = XCBuildConfiguration;
			buildSettings = {
				ALWAYS_SEARCH_USER_PATHS = NO;
				CLANG_ANALYZER_NONNULL = YES;
				CLANG_ANALYZER_NUMBER_OBJECT_CONVERSION = YES_AGGRESSIVE;
				CLANG_CXX_LANGUAGE_STANDARD = "gnu++20";
				CLANG_ENABLE_MODULES = YES;
				CLANG_ENABLE_OBJC_ARC = YES;
				CLANG_ENABLE_OBJC_WEAK = YES;
				CLANG_WARN_BLOCK_CAPTURE_AUTORELEASING = YES;
				CLANG_WARN_BOOL_CONVERSION = YES;
				CLANG_WARN_COMMA = YES;
				CLANG_WARN_CONSTANT_CONVERSION = YES;
				CLANG_WARN_DEPRECATED_OBJC_IMPLEMENTATIONS = YES;
				CLANG_WARN_DIRECT_OBJC_ISA_USAGE = YES_ERROR;
				CLANG_WARN_DOCUMENTATION_COMMENTS = YES;
				CLANG_WARN_EMPTY_BODY = YES;
				CLANG_WARN_ENUM_CONVERSION = YES;
				CLANG_WARN_INFINITE_RECURSION = YES;
				CLANG_WARN_INT_CONVERSION = YES;
				CLANG_WARN_NON_LITERAL_NULL_CONVERSION = YES;
				CLANG_WARN_OBJC_IMPLICIT_RETAIN_SELF = YES;
				CLANG_WARN_OBJC_LITERAL_CONVERSION = YES;
				CLANG_WARN_OBJC_ROOT_CLASS = YES_ERROR;
				CLANG_WARN_QUOTED_INCLUDE_IN_FRAMEWORK_HEADER = YES;
				CLANG_WARN_RANGE_LOOP_ANALYSIS = YES;
				CLANG_WARN_STRICT_PROTOTYPES = YES;
				CLANG_WARN_SUSPICIOUS_MOVE = YES;
				CLANG_WARN_UNGUARDED_AVAILABILITY = YES_AGGRESSIVE;
				CLANG_WARN_UNREACHABLE_CODE = YES;
				CLANG_WARN__DUPLICATE_METHOD_MATCH = YES;
				COPY_PHASE_STRIP = NO;
				DEBUG_INFORMATION_FORMAT = dwarf;
				ENABLE_STRICT_OBJC_MSGSEND = YES;
				ENABLE_TESTABILITY = YES;
				GCC_C_LANGUAGE_STANDARD = gnu11;
				GCC_DYNAMIC_NO_PIC = NO;
				GCC_NO_COMMON_BLOCKS = YES;
				GCC_OPTIMIZATION_LEVEL = 0;
				GCC_PREPROCESSOR_DEFINITIONS = (
					"DEBUG=1",
					"$(inherited)",
				);
				GCC_WARN_64_TO_32_BIT_CONVERSION = YES;
				GCC_WARN_ABOUT_RETURN_TYPE = YES_ERROR;
				GCC_WARN_UNDECLARED_SELECTOR = YES;
				GCC_WARN_UNINITIALIZED_AUTOS = YES_AGGRESSIVE;
				GCC_WARN_UNUSED_FUNCTION = YES;
				GCC_WARN_UNUSED_VARIABLE = YES;
				IPHONEOS_DEPLOYMENT_TARGET = 16.0;
				MTL_ENABLE_DEBUG_INFO = INCLUDE_SOURCE;
				MTL_FAST_MATH = YES;
				ONLY_ACTIVE_ARCH = YES;
				SDKROOT = iphoneos;
				SWIFT_ACTIVE_COMPILATION_CONDITIONS = DEBUG;
				SWIFT_OPTIMIZATION_LEVEL = "-Onone";
			};
			name = Debug;
		};
		718F379428E4B6E1007745CD /* Release */ = {
			isa = XCBuildConfiguration;
			buildSettings = {
				ALWAYS_SEARCH_USER_PATHS = NO;
				CLANG_ANALYZER_NONNULL = YES;
				CLANG_ANALYZER_NUMBER_OBJECT_CONVERSION = YES_AGGRESSIVE;
				CLANG_CXX_LANGUAGE_STANDARD = "gnu++20";
				CLANG_ENABLE_MODULES = YES;
				CLANG_ENABLE_OBJC_ARC = YES;
				CLANG_ENABLE_OBJC_WEAK = YES;
				CLANG_WARN_BLOCK_CAPTURE_AUTORELEASING = YES;
				CLANG_WARN_BOOL_CONVERSION = YES;
				CLANG_WARN_COMMA = YES;
				CLANG_WARN_CONSTANT_CONVERSION = YES;
				CLANG_WARN_DEPRECATED_OBJC_IMPLEMENTATIONS = YES;
				CLANG_WARN_DIRECT_OBJC_ISA_USAGE = YES_ERROR;
				CLANG_WARN_DOCUMENTATION_COMMENTS = YES;
				CLANG_WARN_EMPTY_BODY = YES;
				CLANG_WARN_ENUM_CONVERSION = YES;
				CLANG_WARN_INFINITE_RECURSION = YES;
				CLANG_WARN_INT_CONVERSION = YES;
				CLANG_WARN_NON_LITERAL_NULL_CONVERSION = YES;
				CLANG_WARN_OBJC_IMPLICIT_RETAIN_SELF = YES;
				CLANG_WARN_OBJC_LITERAL_CONVERSION = YES;
				CLANG_WARN_OBJC_ROOT_CLASS = YES_ERROR;
				CLANG_WARN_QUOTED_INCLUDE_IN_FRAMEWORK_HEADER = YES;
				CLANG_WARN_RANGE_LOOP_ANALYSIS = YES;
				CLANG_WARN_STRICT_PROTOTYPES = YES;
				CLANG_WARN_SUSPICIOUS_MOVE = YES;
				CLANG_WARN_UNGUARDED_AVAILABILITY = YES_AGGRESSIVE;
				CLANG_WARN_UNREACHABLE_CODE = YES;
				CLANG_WARN__DUPLICATE_METHOD_MATCH = YES;
				COPY_PHASE_STRIP = NO;
				DEBUG_INFORMATION_FORMAT = "dwarf-with-dsym";
				ENABLE_NS_ASSERTIONS = NO;
				ENABLE_STRICT_OBJC_MSGSEND = YES;
				GCC_C_LANGUAGE_STANDARD = gnu11;
				GCC_NO_COMMON_BLOCKS = YES;
				GCC_WARN_64_TO_32_BIT_CONVERSION = YES;
				GCC_WARN_ABOUT_RETURN_TYPE = YES_ERROR;
				GCC_WARN_UNDECLARED_SELECTOR = YES;
				GCC_WARN_UNINITIALIZED_AUTOS = YES_AGGRESSIVE;
				GCC_WARN_UNUSED_FUNCTION = YES;
				GCC_WARN_UNUSED_VARIABLE = YES;
				IPHONEOS_DEPLOYMENT_TARGET = 16.0;
				MTL_ENABLE_DEBUG_INFO = NO;
				MTL_FAST_MATH = YES;
				SDKROOT = iphoneos;
				SWIFT_COMPILATION_MODE = wholemodule;
				SWIFT_OPTIMIZATION_LEVEL = "-O";
				VALIDATE_PRODUCT = YES;
			};
			name = Release;
		};
		718F379628E4B6E1007745CD /* Debug */ = {
			isa = XCBuildConfiguration;
			buildSettings = {
				ASSETCATALOG_COMPILER_APPICON_NAME = AppIcon;
				ASSETCATALOG_COMPILER_GLOBAL_ACCENT_COLOR_NAME = AccentColor;
				CODE_SIGN_STYLE = Automatic;
				CURRENT_PROJECT_VERSION = 1;
				DEVELOPMENT_TEAM = 278X95PFN5;
				GENERATE_INFOPLIST_FILE = YES;
				INFOPLIST_FILE = App2Viewcode/Info.plist;
				INFOPLIST_KEY_UIApplicationSupportsIndirectInputEvents = YES;
				INFOPLIST_KEY_UILaunchStoryboardName = LaunchScreen;
				INFOPLIST_KEY_UIMainStoryboardFile = "";
				INFOPLIST_KEY_UISupportedInterfaceOrientations_iPad = "UIInterfaceOrientationPortrait UIInterfaceOrientationPortraitUpsideDown UIInterfaceOrientationLandscapeLeft UIInterfaceOrientationLandscapeRight";
				INFOPLIST_KEY_UISupportedInterfaceOrientations_iPhone = "UIInterfaceOrientationPortrait UIInterfaceOrientationLandscapeLeft UIInterfaceOrientationLandscapeRight";
				LD_RUNPATH_SEARCH_PATHS = (
					"$(inherited)",
					"@executable_path/Frameworks",
				);
				MARKETING_VERSION = 1.0;
				PRODUCT_BUNDLE_IDENTIFIER = com.yanalejandro.App2Viewcode;
				PRODUCT_NAME = "$(TARGET_NAME)";
				SWIFT_EMIT_LOC_STRINGS = YES;
				SWIFT_VERSION = 5.0;
				TARGETED_DEVICE_FAMILY = "1,2";
			};
			name = Debug;
		};
		718F379728E4B6E1007745CD /* Release */ = {
			isa = XCBuildConfiguration;
			buildSettings = {
				ASSETCATALOG_COMPILER_APPICON_NAME = AppIcon;
				ASSETCATALOG_COMPILER_GLOBAL_ACCENT_COLOR_NAME = AccentColor;
				CODE_SIGN_STYLE = Automatic;
				CURRENT_PROJECT_VERSION = 1;
				DEVELOPMENT_TEAM = 278X95PFN5;
				GENERATE_INFOPLIST_FILE = YES;
				INFOPLIST_FILE = App2Viewcode/Info.plist;
				INFOPLIST_KEY_UIApplicationSupportsIndirectInputEvents = YES;
				INFOPLIST_KEY_UILaunchStoryboardName = LaunchScreen;
				INFOPLIST_KEY_UIMainStoryboardFile = "";
				INFOPLIST_KEY_UISupportedInterfaceOrientations_iPad = "UIInterfaceOrientationPortrait UIInterfaceOrientationPortraitUpsideDown UIInterfaceOrientationLandscapeLeft UIInterfaceOrientationLandscapeRight";
				INFOPLIST_KEY_UISupportedInterfaceOrientations_iPhone = "UIInterfaceOrientationPortrait UIInterfaceOrientationLandscapeLeft UIInterfaceOrientationLandscapeRight";
				LD_RUNPATH_SEARCH_PATHS = (
					"$(inherited)",
					"@executable_path/Frameworks",
				);
				MARKETING_VERSION = 1.0;
				PRODUCT_BUNDLE_IDENTIFIER = com.yanalejandro.App2Viewcode;
				PRODUCT_NAME = "$(TARGET_NAME)";
				SWIFT_EMIT_LOC_STRINGS = YES;
				SWIFT_VERSION = 5.0;
				TARGETED_DEVICE_FAMILY = "1,2";
			};
			name = Release;
		};
/* End XCBuildConfiguration section */

/* Begin XCConfigurationList section */
		718F377C28E4B6DF007745CD /* Build configuration list for PBXProject "App2Viewcode" */ = {
			isa = XCConfigurationList;
			buildConfigurations = (
				718F379328E4B6E1007745CD /* Debug */,
				718F379428E4B6E1007745CD /* Release */,
			);
			defaultConfigurationIsVisible = 0;
			defaultConfigurationName = Release;
		};
		718F379528E4B6E1007745CD /* Build configuration list for PBXNativeTarget "App2Viewcode" */ = {
			isa = XCConfigurationList;
			buildConfigurations = (
				718F379628E4B6E1007745CD /* Debug */,
				718F379728E4B6E1007745CD /* Release */,
			);
			defaultConfigurationIsVisible = 0;
			defaultConfigurationName = Release;
		};
/* End XCConfigurationList section */
	};
	rootObject = 718F377928E4B6DF007745CD /* Project object */;
}
